// !$*UTF8*$!
{
	archiveVersion = 1;
	classes = {
	};
	objectVersion = 55;
	objects = {

/* Begin PBXBuildFile section */
		210DB917281AC0B100210EED /* GameModel.swift in Sources */ = {isa = PBXBuildFile; fileRef = 210DB916281AC0B100210EED /* GameModel.swift */; };
		210DB918281AC0B100210EED /* GameModel.swift in Sources */ = {isa = PBXBuildFile; fileRef = 210DB916281AC0B100210EED /* GameModel.swift */; };
		210DB91A281AC1B400210EED /* CartaView.swift in Sources */ = {isa = PBXBuildFile; fileRef = 210DB919281AC1B400210EED /* CartaView.swift */; };
		210DB91B281AC1B400210EED /* CartaView.swift in Sources */ = {isa = PBXBuildFile; fileRef = 210DB919281AC1B400210EED /* CartaView.swift */; };
		2113DF25281603DB00E5BE15 /* Bridge_Helper_2022App.swift in Sources */ = {isa = PBXBuildFile; fileRef = 2113DF15281603D500E5BE15 /* Bridge_Helper_2022App.swift */; };
		2113DF26281603DB00E5BE15 /* Bridge_Helper_2022App.swift in Sources */ = {isa = PBXBuildFile; fileRef = 2113DF15281603D500E5BE15 /* Bridge_Helper_2022App.swift */; };
		2113DF27281603DB00E5BE15 /* ContentView.swift in Sources */ = {isa = PBXBuildFile; fileRef = 2113DF16281603D500E5BE15 /* ContentView.swift */; };
		2113DF28281603DB00E5BE15 /* ContentView.swift in Sources */ = {isa = PBXBuildFile; fileRef = 2113DF16281603D500E5BE15 /* ContentView.swift */; };
		2113DF29281603DB00E5BE15 /* Assets.xcassets in Resources */ = {isa = PBXBuildFile; fileRef = 2113DF17281603DB00E5BE15 /* Assets.xcassets */; };
		2113DF2A281603DB00E5BE15 /* Assets.xcassets in Resources */ = {isa = PBXBuildFile; fileRef = 2113DF17281603DB00E5BE15 /* Assets.xcassets */; };
		2113DF342817795C00E5BE15 /* Cartas.swift in Sources */ = {isa = PBXBuildFile; fileRef = 2113DF332817795C00E5BE15 /* Cartas.swift */; };
		2113DF352817795C00E5BE15 /* Cartas.swift in Sources */ = {isa = PBXBuildFile; fileRef = 2113DF332817795C00E5BE15 /* Cartas.swift */; };
		2120B13B2818EAC4006BA400 /* SelectorModelView.swift in Sources */ = {isa = PBXBuildFile; fileRef = 2120B13A2818EAC4006BA400 /* SelectorModelView.swift */; };
		2120B13C2818EAC4006BA400 /* SelectorModelView.swift in Sources */ = {isa = PBXBuildFile; fileRef = 2120B13A2818EAC4006BA400 /* SelectorModelView.swift */; };
		21F75A76281AF79D00185E0A /* PlayerHandView.swift in Sources */ = {isa = PBXBuildFile; fileRef = 21F75A75281AF79C00185E0A /* PlayerHandView.swift */; };
		21F75A77281AF79D00185E0A /* PlayerHandView.swift in Sources */ = {isa = PBXBuildFile; fileRef = 21F75A75281AF79C00185E0A /* PlayerHandView.swift */; };
		21F75A79281B6C5500185E0A /* Card.swift in Sources */ = {isa = PBXBuildFile; fileRef = 21F75A78281B6C5500185E0A /* Card.swift */; };
		21F75A7A281B6C5500185E0A /* Card.swift in Sources */ = {isa = PBXBuildFile; fileRef = 21F75A78281B6C5500185E0A /* Card.swift */; };
/* End PBXBuildFile section */

/* Begin PBXFileReference section */
		210DB916281AC0B100210EED /* GameModel.swift */ = {isa = PBXFileReference; fileEncoding = 4; lastKnownFileType = sourcecode.swift; path = GameModel.swift; sourceTree = "<group>"; };
		210DB919281AC1B400210EED /* CartaView.swift */ = {isa = PBXFileReference; lastKnownFileType = sourcecode.swift; path = CartaView.swift; sourceTree = "<group>"; };
		2113DF15281603D500E5BE15 /* Bridge_Helper_2022App.swift */ = {isa = PBXFileReference; lastKnownFileType = sourcecode.swift; path = Bridge_Helper_2022App.swift; sourceTree = "<group>"; };
		2113DF16281603D500E5BE15 /* ContentView.swift */ = {isa = PBXFileReference; lastKnownFileType = sourcecode.swift; path = ContentView.swift; sourceTree = "<group>"; };
		2113DF17281603DB00E5BE15 /* Assets.xcassets */ = {isa = PBXFileReference; lastKnownFileType = folder.assetcatalog; path = Assets.xcassets; sourceTree = "<group>"; };
		2113DF1C281603DB00E5BE15 /* Bridge Helper 2022.app */ = {isa = PBXFileReference; explicitFileType = wrapper.application; includeInIndex = 0; path = "Bridge Helper 2022.app"; sourceTree = BUILT_PRODUCTS_DIR; };
		2113DF22281603DB00E5BE15 /* Bridge Helper 2022.app */ = {isa = PBXFileReference; explicitFileType = wrapper.application; includeInIndex = 0; path = "Bridge Helper 2022.app"; sourceTree = BUILT_PRODUCTS_DIR; };
		2113DF24281603DB00E5BE15 /* macOS.entitlements */ = {isa = PBXFileReference; lastKnownFileType = text.plist.entitlements; path = macOS.entitlements; sourceTree = "<group>"; };
		2113DF332817795C00E5BE15 /* Cartas.swift */ = {isa = PBXFileReference; lastKnownFileType = sourcecode.swift; path = Cartas.swift; sourceTree = "<group>"; };
		2120B13A2818EAC4006BA400 /* SelectorModelView.swift */ = {isa = PBXFileReference; lastKnownFileType = sourcecode.swift; path = SelectorModelView.swift; sourceTree = "<group>"; };
		21F75A75281AF79C00185E0A /* PlayerHandView.swift */ = {isa = PBXFileReference; lastKnownFileType = sourcecode.swift; path = PlayerHandView.swift; sourceTree = "<group>"; };
		21F75A78281B6C5500185E0A /* Card.swift */ = {isa = PBXFileReference; lastKnownFileType = sourcecode.swift; path = Card.swift; sourceTree = "<group>"; };
/* End PBXFileReference section */

/* Begin PBXFrameworksBuildPhase section */
		2113DF19281603DB00E5BE15 /* Frameworks */ = {
			isa = PBXFrameworksBuildPhase;
			buildActionMask = 2147483647;
			files = (
			);
			runOnlyForDeploymentPostprocessing = 0;
		};
		2113DF1F281603DB00E5BE15 /* Frameworks */ = {
			isa = PBXFrameworksBuildPhase;
			buildActionMask = 2147483647;
			files = (
			);
			runOnlyForDeploymentPostprocessing = 0;
		};
/* End PBXFrameworksBuildPhase section */

/* Begin PBXGroup section */
		2113DF0F281603D500E5BE15 = {
			isa = PBXGroup;
			children = (
				2113DF14281603D500E5BE15 /* Shared */,
				2113DF23281603DB00E5BE15 /* macOS */,
				2113DF1D281603DB00E5BE15 /* Products */,
			);
			sourceTree = "<group>";
		};
		2113DF14281603D500E5BE15 /* Shared */ = {
			isa = PBXGroup;
			children = (
				21F75A78281B6C5500185E0A /* Card.swift */,
				2113DF332817795C00E5BE15 /* Cartas.swift */,
				2113DF15281603D500E5BE15 /* Bridge_Helper_2022App.swift */,
				2113DF16281603D500E5BE15 /* ContentView.swift */,
				21F75A75281AF79C00185E0A /* PlayerHandView.swift */,
				210DB916281AC0B100210EED /* GameModel.swift */,
				210DB919281AC1B400210EED /* CartaView.swift */,
				2120B13A2818EAC4006BA400 /* SelectorModelView.swift */,
				2113DF17281603DB00E5BE15 /* Assets.xcassets */,
			);
			path = Shared;
			sourceTree = "<group>";
		};
		2113DF1D281603DB00E5BE15 /* Products */ = {
			isa = PBXGroup;
			children = (
				2113DF1C281603DB00E5BE15 /* Bridge Helper 2022.app */,
				2113DF22281603DB00E5BE15 /* Bridge Helper 2022.app */,
			);
			name = Products;
			sourceTree = "<group>";
		};
		2113DF23281603DB00E5BE15 /* macOS */ = {
			isa = PBXGroup;
			children = (
				2113DF24281603DB00E5BE15 /* macOS.entitlements */,
			);
			path = macOS;
			sourceTree = "<group>";
		};
/* End PBXGroup section */

/* Begin PBXNativeTarget section */
		2113DF1B281603DB00E5BE15 /* Bridge Helper 2022 (iOS) */ = {
			isa = PBXNativeTarget;
			buildConfigurationList = 2113DF2D281603DB00E5BE15 /* Build configuration list for PBXNativeTarget "Bridge Helper 2022 (iOS)" */;
			buildPhases = (
				2113DF18281603DB00E5BE15 /* Sources */,
				2113DF19281603DB00E5BE15 /* Frameworks */,
				2113DF1A281603DB00E5BE15 /* Resources */,
			);
			buildRules = (
			);
			dependencies = (
			);
			name = "Bridge Helper 2022 (iOS)";
			productName = "Bridge Helper 2022 (iOS)";
			productReference = 2113DF1C281603DB00E5BE15 /* Bridge Helper 2022.app */;
			productType = "com.apple.product-type.application";
		};
		2113DF21281603DB00E5BE15 /* Bridge Helper 2022 (macOS) */ = {
			isa = PBXNativeTarget;
			buildConfigurationList = 2113DF30281603DB00E5BE15 /* Build configuration list for PBXNativeTarget "Bridge Helper 2022 (macOS)" */;
			buildPhases = (
				2113DF1E281603DB00E5BE15 /* Sources */,
				2113DF1F281603DB00E5BE15 /* Frameworks */,
				2113DF20281603DB00E5BE15 /* Resources */,
			);
			buildRules = (
			);
			dependencies = (
			);
			name = "Bridge Helper 2022 (macOS)";
			productName = "Bridge Helper 2022 (macOS)";
			productReference = 2113DF22281603DB00E5BE15 /* Bridge Helper 2022.app */;
			productType = "com.apple.product-type.application";
		};
/* End PBXNativeTarget section */

/* Begin PBXProject section */
		2113DF10281603D500E5BE15 /* Project object */ = {
			isa = PBXProject;
			attributes = {
				BuildIndependentTargetsInParallel = 1;
				LastSwiftUpdateCheck = 1330;
				LastUpgradeCheck = 1330;
				TargetAttributes = {
					2113DF1B281603DB00E5BE15 = {
						CreatedOnToolsVersion = 13.3.1;
					};
					2113DF21281603DB00E5BE15 = {
						CreatedOnToolsVersion = 13.3.1;
					};
				};
			};
			buildConfigurationList = 2113DF13281603D500E5BE15 /* Build configuration list for PBXProject "Bridge Helper 2022" */;
			compatibilityVersion = "Xcode 13.0";
			developmentRegion = en;
			hasScannedForEncodings = 0;
			knownRegions = (
				en,
				Base,
			);
			mainGroup = 2113DF0F281603D500E5BE15;
			productRefGroup = 2113DF1D281603DB00E5BE15 /* Products */;
			projectDirPath = "";
			projectRoot = "";
			targets = (
				2113DF1B281603DB00E5BE15 /* Bridge Helper 2022 (iOS) */,
				2113DF21281603DB00E5BE15 /* Bridge Helper 2022 (macOS) */,
			);
		};
/* End PBXProject section */

/* Begin PBXResourcesBuildPhase section */
		2113DF1A281603DB00E5BE15 /* Resources */ = {
			isa = PBXResourcesBuildPhase;
			buildActionMask = 2147483647;
			files = (
				2113DF29281603DB00E5BE15 /* Assets.xcassets in Resources */,
			);
			runOnlyForDeploymentPostprocessing = 0;
		};
		2113DF20281603DB00E5BE15 /* Resources */ = {
			isa = PBXResourcesBuildPhase;
			buildActionMask = 2147483647;
			files = (
				2113DF2A281603DB00E5BE15 /* Assets.xcassets in Resources */,
			);
			runOnlyForDeploymentPostprocessing = 0;
		};
/* End PBXResourcesBuildPhase section */

/* Begin PBXSourcesBuildPhase section */
		2113DF18281603DB00E5BE15 /* Sources */ = {
			isa = PBXSourcesBuildPhase;
			buildActionMask = 2147483647;
			files = (
				210DB917281AC0B100210EED /* GameModel.swift in Sources */,
				21F75A79281B6C5500185E0A /* Card.swift in Sources */,
				21F75A76281AF79D00185E0A /* PlayerHandView.swift in Sources */,
				2113DF27281603DB00E5BE15 /* ContentView.swift in Sources */,
				210DB91A281AC1B400210EED /* CartaView.swift in Sources */,
				2113DF25281603DB00E5BE15 /* Bridge_Helper_2022App.swift in Sources */,
				2113DF342817795C00E5BE15 /* Cartas.swift in Sources */,
				2120B13B2818EAC4006BA400 /* SelectorModelView.swift in Sources */,
			);
			runOnlyForDeploymentPostprocessing = 0;
		};
		2113DF1E281603DB00E5BE15 /* Sources */ = {
			isa = PBXSourcesBuildPhase;
			buildActionMask = 2147483647;
			files = (
				210DB918281AC0B100210EED /* GameModel.swift in Sources */,
				21F75A7A281B6C5500185E0A /* Card.swift in Sources */,
				21F75A77281AF79D00185E0A /* PlayerHandView.swift in Sources */,
				2113DF28281603DB00E5BE15 /* ContentView.swift in Sources */,
				210DB91B281AC1B400210EED /* CartaView.swift in Sources */,
				2113DF26281603DB00E5BE15 /* Bridge_Helper_2022App.swift in Sources */,
				2113DF352817795C00E5BE15 /* Cartas.swift in Sources */,
				2120B13C2818EAC4006BA400 /* SelectorModelView.swift in Sources */,
			);
			runOnlyForDeploymentPostprocessing = 0;
		};
/* End PBXSourcesBuildPhase section */

/* Begin XCBuildConfiguration section */
		2113DF2B281603DB00E5BE15 /* Debug */ = {
			isa = XCBuildConfiguration;
			buildSettings = {
				ALWAYS_SEARCH_USER_PATHS = NO;
				CLANG_ANALYZER_NONNULL = YES;
				CLANG_ANALYZER_NUMBER_OBJECT_CONVERSION = YES_AGGRESSIVE;
				CLANG_CXX_LANGUAGE_STANDARD = "gnu++17";
				CLANG_ENABLE_MODULES = YES;
				CLANG_ENABLE_OBJC_ARC = YES;
				CLANG_ENABLE_OBJC_WEAK = YES;
				CLANG_WARN_BLOCK_CAPTURE_AUTORELEASING = YES;
				CLANG_WARN_BOOL_CONVERSION = YES;
				CLANG_WARN_COMMA = YES;
				CLANG_WARN_CONSTANT_CONVERSION = YES;
				CLANG_WARN_DEPRECATED_OBJC_IMPLEMENTATIONS = YES;
				CLANG_WARN_DIRECT_OBJC_ISA_USAGE = YES_ERROR;
				CLANG_WARN_DOCUMENTATION_COMMENTS = YES;
				CLANG_WARN_EMPTY_BODY = YES;
				CLANG_WARN_ENUM_CONVERSION = YES;
				CLANG_WARN_INFINITE_RECURSION = YES;
				CLANG_WARN_INT_CONVERSION = YES;
				CLANG_WARN_NON_LITERAL_NULL_CONVERSION = YES;
				CLANG_WARN_OBJC_IMPLICIT_RETAIN_SELF = YES;
				CLANG_WARN_OBJC_LITERAL_CONVERSION = YES;
				CLANG_WARN_OBJC_ROOT_CLASS = YES_ERROR;
				CLANG_WARN_QUOTED_INCLUDE_IN_FRAMEWORK_HEADER = YES;
				CLANG_WARN_RANGE_LOOP_ANALYSIS = YES;
				CLANG_WARN_STRICT_PROTOTYPES = YES;
				CLANG_WARN_SUSPICIOUS_MOVE = YES;
				CLANG_WARN_UNGUARDED_AVAILABILITY = YES_AGGRESSIVE;
				CLANG_WARN_UNREACHABLE_CODE = YES;
				CLANG_WARN__DUPLICATE_METHOD_MATCH = YES;
				COPY_PHASE_STRIP = NO;
				DEBUG_INFORMATION_FORMAT = dwarf;
				ENABLE_STRICT_OBJC_MSGSEND = YES;
				ENABLE_TESTABILITY = YES;
				GCC_C_LANGUAGE_STANDARD = gnu11;
				GCC_DYNAMIC_NO_PIC = NO;
				GCC_NO_COMMON_BLOCKS = YES;
				GCC_OPTIMIZATION_LEVEL = 0;
				GCC_PREPROCESSOR_DEFINITIONS = (
					"DEBUG=1",
					"$(inherited)",
				);
				GCC_WARN_64_TO_32_BIT_CONVERSION = YES;
				GCC_WARN_ABOUT_RETURN_TYPE = YES_ERROR;
				GCC_WARN_UNDECLARED_SELECTOR = YES;
				GCC_WARN_UNINITIALIZED_AUTOS = YES_AGGRESSIVE;
				GCC_WARN_UNUSED_FUNCTION = YES;
				GCC_WARN_UNUSED_VARIABLE = YES;
				MTL_ENABLE_DEBUG_INFO = INCLUDE_SOURCE;
				MTL_FAST_MATH = YES;
				ONLY_ACTIVE_ARCH = YES;
				SWIFT_ACTIVE_COMPILATION_CONDITIONS = DEBUG;
				SWIFT_OPTIMIZATION_LEVEL = "-Onone";
			};
			name = Debug;
		};
		2113DF2C281603DB00E5BE15 /* Release */ = {
			isa = XCBuildConfiguration;
			buildSettings = {
				ALWAYS_SEARCH_USER_PATHS = NO;
				CLANG_ANALYZER_NONNULL = YES;
				CLANG_ANALYZER_NUMBER_OBJECT_CONVERSION = YES_AGGRESSIVE;
				CLANG_CXX_LANGUAGE_STANDARD = "gnu++17";
				CLANG_ENABLE_MODULES = YES;
				CLANG_ENABLE_OBJC_ARC = YES;
				CLANG_ENABLE_OBJC_WEAK = YES;
				CLANG_WARN_BLOCK_CAPTURE_AUTORELEASING = YES;
				CLANG_WARN_BOOL_CONVERSION = YES;
				CLANG_WARN_COMMA = YES;
				CLANG_WARN_CONSTANT_CONVERSION = YES;
				CLANG_WARN_DEPRECATED_OBJC_IMPLEMENTATIONS = YES;
				CLANG_WARN_DIRECT_OBJC_ISA_USAGE = YES_ERROR;
				CLANG_WARN_DOCUMENTATION_COMMENTS = YES;
				CLANG_WARN_EMPTY_BODY = YES;
				CLANG_WARN_ENUM_CONVERSION = YES;
				CLANG_WARN_INFINITE_RECURSION = YES;
				CLANG_WARN_INT_CONVERSION = YES;
				CLANG_WARN_NON_LITERAL_NULL_CONVERSION = YES;
				CLANG_WARN_OBJC_IMPLICIT_RETAIN_SELF = YES;
				CLANG_WARN_OBJC_LITERAL_CONVERSION = YES;
				CLANG_WARN_OBJC_ROOT_CLASS = YES_ERROR;
				CLANG_WARN_QUOTED_INCLUDE_IN_FRAMEWORK_HEADER = YES;
				CLANG_WARN_RANGE_LOOP_ANALYSIS = YES;
				CLANG_WARN_STRICT_PROTOTYPES = YES;
				CLANG_WARN_SUSPICIOUS_MOVE = YES;
				CLANG_WARN_UNGUARDED_AVAILABILITY = YES_AGGRESSIVE;
				CLANG_WARN_UNREACHABLE_CODE = YES;
				CLANG_WARN__DUPLICATE_METHOD_MATCH = YES;
				COPY_PHASE_STRIP = NO;
				DEBUG_INFORMATION_FORMAT = "dwarf-with-dsym";
				ENABLE_NS_ASSERTIONS = NO;
				ENABLE_STRICT_OBJC_MSGSEND = YES;
				GCC_C_LANGUAGE_STANDARD = gnu11;
				GCC_NO_COMMON_BLOCKS = YES;
				GCC_WARN_64_TO_32_BIT_CONVERSION = YES;
				GCC_WARN_ABOUT_RETURN_TYPE = YES_ERROR;
				GCC_WARN_UNDECLARED_SELECTOR = YES;
				GCC_WARN_UNINITIALIZED_AUTOS = YES_AGGRESSIVE;
				GCC_WARN_UNUSED_FUNCTION = YES;
				GCC_WARN_UNUSED_VARIABLE = YES;
				MTL_ENABLE_DEBUG_INFO = NO;
				MTL_FAST_MATH = YES;
				SWIFT_COMPILATION_MODE = wholemodule;
				SWIFT_OPTIMIZATION_LEVEL = "-O";
			};
			name = Release;
		};
		2113DF2E281603DB00E5BE15 /* Debug */ = {
			isa = XCBuildConfiguration;
			buildSettings = {
				ASSETCATALOG_COMPILER_APPICON_NAME = AppIcon;
				ASSETCATALOG_COMPILER_GLOBAL_ACCENT_COLOR_NAME = AccentColor;
				CODE_SIGN_STYLE = Automatic;
				CURRENT_PROJECT_VERSION = 1;
				DEVELOPMENT_TEAM = J3R9SPFEX5;
				ENABLE_PREVIEWS = YES;
				GENERATE_INFOPLIST_FILE = YES;
				INFOPLIST_KEY_UIApplicationSceneManifest_Generation = YES;
				INFOPLIST_KEY_UIApplicationSupportsIndirectInputEvents = YES;
				INFOPLIST_KEY_UILaunchScreen_Generation = YES;
				INFOPLIST_KEY_UISupportedInterfaceOrientations_iPad = "UIInterfaceOrientationPortrait UIInterfaceOrientationPortraitUpsideDown UIInterfaceOrientationLandscapeLeft UIInterfaceOrientationLandscapeRight";
				INFOPLIST_KEY_UISupportedInterfaceOrientations_iPhone = "UIInterfaceOrientationPortrait UIInterfaceOrientationLandscapeLeft UIInterfaceOrientationLandscapeRight";
				IPHONEOS_DEPLOYMENT_TARGET = 15.4;
				LD_RUNPATH_SEARCH_PATHS = (
					"$(inherited)",
					"@executable_path/Frameworks",
				);
				MARKETING_VERSION = 1.0;
				PRODUCT_BUNDLE_IDENTIFIER = "cl.7seeds.Bridge-Helper-2022";
				PRODUCT_NAME = "Bridge Helper 2022";
				SDKROOT = iphoneos;
				SWIFT_EMIT_LOC_STRINGS = YES;
				SWIFT_VERSION = 5.0;
				TARGETED_DEVICE_FAMILY = "1,2";
			};
			name = Debug;
		};
		2113DF2F281603DB00E5BE15 /* Release */ = {
			isa = XCBuildConfiguration;
			buildSettings = {
				ASSETCATALOG_COMPILER_APPICON_NAME = AppIcon;
				ASSETCATALOG_COMPILER_GLOBAL_ACCENT_COLOR_NAME = AccentColor;
				CODE_SIGN_STYLE = Automatic;
				CURRENT_PROJECT_VERSION = 1;
				DEVELOPMENT_TEAM = J3R9SPFEX5;
				ENABLE_PREVIEWS = YES;
				GENERATE_INFOPLIST_FILE = YES;
				INFOPLIST_KEY_UIApplicationSceneManifest_Generation = YES;
				INFOPLIST_KEY_UIApplicationSupportsIndirectInputEvents = YES;
				INFOPLIST_KEY_UILaunchScreen_Generation = YES;
				INFOPLIST_KEY_UISupportedInterfaceOrientations_iPad = "UIInterfaceOrientationPortrait UIInterfaceOrientationPortraitUpsideDown UIInterfaceOrientationLandscapeLeft UIInterfaceOrientationLandscapeRight";
				INFOPLIST_KEY_UISupportedInterfaceOrientations_iPhone = "UIInterfaceOrientationPortrait UIInterfaceOrientationLandscapeLeft UIInterfaceOrientationLandscapeRight";
				IPHONEOS_DEPLOYMENT_TARGET = 15.4;
				LD_RUNPATH_SEARCH_PATHS = (
					"$(inherited)",
					"@executable_path/Frameworks",
				);
				MARKETING_VERSION = 1.0;
				PRODUCT_BUNDLE_IDENTIFIER = "cl.7seeds.Bridge-Helper-2022";
				PRODUCT_NAME = "Bridge Helper 2022";
				SDKROOT = iphoneos;
				SWIFT_EMIT_LOC_STRINGS = YES;
				SWIFT_VERSION = 5.0;
				TARGETED_DEVICE_FAMILY = "1,2";
				VALIDATE_PRODUCT = YES;
			};
			name = Release;
		};
		2113DF31281603DB00E5BE15 /* Debug */ = {
			isa = XCBuildConfiguration;
			buildSettings = {
				ASSETCATALOG_COMPILER_APPICON_NAME = AppIcon;
				ASSETCATALOG_COMPILER_GLOBAL_ACCENT_COLOR_NAME = AccentColor;
				CODE_SIGN_ENTITLEMENTS = macOS/macOS.entitlements;
				CODE_SIGN_STYLE = Automatic;
				COMBINE_HIDPI_IMAGES = YES;
				CURRENT_PROJECT_VERSION = 1;
				DEVELOPMENT_TEAM = J3R9SPFEX5;
				ENABLE_HARDENED_RUNTIME = YES;
				ENABLE_PREVIEWS = YES;
				GENERATE_INFOPLIST_FILE = YES;
				INFOPLIST_KEY_NSHumanReadableCopyright = "";
				LD_RUNPATH_SEARCH_PATHS = (
					"$(inherited)",
					"@executable_path/../Frameworks",
				);
				MACOSX_DEPLOYMENT_TARGET = 12.3;
				MARKETING_VERSION = 1.0;
				PRODUCT_BUNDLE_IDENTIFIER = "cl.7seeds.Bridge-Helper-2022";
				PRODUCT_NAME = "Bridge Helper 2022";
				SDKROOT = macosx;
				SWIFT_EMIT_LOC_STRINGS = YES;
				SWIFT_VERSION = 5.0;
			};
			name = Debug;
		};
		2113DF32281603DB00E5BE15 /* Release */ = {
			isa = XCBuildConfiguration;
			buildSettings = {
				ASSETCATALOG_COMPILER_APPICON_NAME = AppIcon;
				ASSETCATALOG_COMPILER_GLOBAL_ACCENT_COLOR_NAME = AccentColor;
				CODE_SIGN_ENTITLEMENTS = macOS/macOS.entitlements;
				CODE_SIGN_STYLE = Automatic;
				COMBINE_HIDPI_IMAGES = YES;
				CURRENT_PROJECT_VERSION = 1;
				DEVELOPMENT_TEAM = J3R9SPFEX5;
				ENABLE_HARDENED_RUNTIME = YES;
				ENABLE_PREVIEWS = YES;
				GENERATE_INFOPLIST_FILE = YES;
				INFOPLIST_KEY_NSHumanReadableCopyright = "";
				LD_RUNPATH_SEARCH_PATHS = (
					"$(inherited)",
					"@executable_path/../Frameworks",
				);
				MACOSX_DEPLOYMENT_TARGET = 12.3;
				MARKETING_VERSION = 1.0;
				PRODUCT_BUNDLE_IDENTIFIER = "cl.7seeds.Bridge-Helper-2022";
				PRODUCT_NAME = "Bridge Helper 2022";
				SDKROOT = macosx;
				SWIFT_EMIT_LOC_STRINGS = YES;
				SWIFT_VERSION = 5.0;
			};
			name = Release;
		};
/* End XCBuildConfiguration section */

/* Begin XCConfigurationList section */
		2113DF13281603D500E5BE15 /* Build configuration list for PBXProject "Bridge Helper 2022" */ = {
			isa = XCConfigurationList;
			buildConfigurations = (
				2113DF2B281603DB00E5BE15 /* Debug */,
				2113DF2C281603DB00E5BE15 /* Release */,
			);
			defaultConfigurationIsVisible = 0;
			defaultConfigurationName = Release;
		};
		2113DF2D281603DB00E5BE15 /* Build configuration list for PBXNativeTarget "Bridge Helper 2022 (iOS)" */ = {
			isa = XCConfigurationList;
			buildConfigurations = (
				2113DF2E281603DB00E5BE15 /* Debug */,
				2113DF2F281603DB00E5BE15 /* Release */,
			);
			defaultConfigurationIsVisible = 0;
			defaultConfigurationName = Release;
		};
		2113DF30281603DB00E5BE15 /* Build configuration list for PBXNativeTarget "Bridge Helper 2022 (macOS)" */ = {
			isa = XCConfigurationList;
			buildConfigurations = (
				2113DF31281603DB00E5BE15 /* Debug */,
				2113DF32281603DB00E5BE15 /* Release */,
			);
			defaultConfigurationIsVisible = 0;
			defaultConfigurationName = Release;
		};
/* End XCConfigurationList section */
	};
	rootObject = 2113DF10281603D500E5BE15 /* Project object */;
}
